
Microsoft Visual Studio Solution File, Format Version 12.00
# Visual Studio 2012
Project("{FAE04EC0-301F-11D3-BF4B-00C04F79EFBC}") = "SchedulerApp", "SchedulerApp\SchedulerApp.csproj", "{209FDA4E-A2C0-41E9-BCF9-586E00EC44BD}"
EndProject
Project("{FAE04EC0-301F-11D3-BF4B-00C04F79EFBC}") = "Tests", "Tests\Tests.csproj", "{95026ED0-D11C-4A3F-9113-BE63C3A4DB85}"
EndProject
Global
	GlobalSection(SolutionConfigurationPlatforms) = preSolution
		Debug|Any CPU = Debug|Any CPU
		Release|Any CPU = Release|Any CPU
	EndGlobalSection
	GlobalSection(ProjectConfigurationPlatforms) = postSolution
		{209FDA4E-A2C0-41E9-BCF9-586E00EC44BD}.Debug|Any CPU.ActiveCfg = Debug|Any CPU
		{209FDA4E-A2C0-41E9-BCF9-586E00EC44BD}.Debug|Any CPU.Build.0 = Debug|Any CPU
		{209FDA4E-A2C0-41E9-BCF9-586E00EC44BD}.Release|Any CPU.ActiveCfg = Release|Any CPU
		{209FDA4E-A2C0-41E9-BCF9-586E00EC44BD}.Release|Any CPU.Build.0 = Release|Any CPU
		{95026ED0-D11C-4A3F-9113-BE63C3A4DB85}.Debug|Any CPU.ActiveCfg = Debug|Any CPU
		{95026ED0-D11C-4A3F-9113-BE63C3A4DB85}.Debug|Any CPU.Build.0 = Debug|Any CPU
		{95026ED0-D11C-4A3F-9113-BE63C3A4DB85}.Release|Any CPU.ActiveCfg = Release|Any CPU
		{95026ED0-D11C-4A3F-9113-BE63C3A4DB85}.Release|Any CPU.Build.0 = Release|Any CPU
	EndGlobalSection
	GlobalSection(SolutionProperties) = preSolution
		HideSolutionNode = FALSE
	EndGlobalSection
EndGlobal
